# This file is automatically @generated by Poetry 2.1.4 and should not be changed by hand.

[[package]]
name = "click"
version = "8.3.1"
description = "Composable command line interface toolkit"
optional = false
python-versions = ">=3.10"
groups = ["main"]
files = [
    {file = "click-8.3.1-py3-none-any.whl", hash = "sha256:981153a64e25f12d547d3426c367a4857371575ee7ad18df2a6183ab0545b2a6"},
    {file = "click-8.3.1.tar.gz", hash = "sha256:12ff4785d337a1bb490bb7e9c2b1ee5da3112e94a8622f26a6c77f5d2fc6842a"},
]

[package.dependencies]
colorama = {version = "*", markers = "platform_system == \"Windows\""}

[[package]]
name = "colorama"
version = "0.4.6"
description = "Cross-platform colored terminal text."
optional = false
python-versions = "!=3.0.*,!=3.1.*,!=3.2.*,!=3.3.*,!=3.4.*,!=3.5.*,!=3.6.*,>=2.7"
groups = ["main"]
markers = "platform_system == \"Windows\""
files = [
    {file = "colorama-0.4.6-py2.py3-none-any.whl", hash = "sha256:4f1d9991f5acc0ca119f9d443620b77f9d6b33703e51011c16baf57afb285fc6"},
    {file = "colorama-0.4.6.tar.gz", hash = "sha256:08695f5cb7ed6e0531a20572697297273c47b8cae5a63ffc6d6ed5c201be6e44"},
]

[[package]]
name = "contextvars-executor"
version = "0.0.1"
description = "contextvars friendly ThreadPoolExecutor"
optional = false
python-versions = ">=3.7.0"
groups = ["main"]
files = [
    {file = "contextvars_executor-0.0.1.tar.gz", hash = "sha256:7a47c1e8c29cbdb9006dae5d03be7fd329b5585fe8f0b62e0cd94eaf4db741bd"},
]

[[package]]
name = "greenlet"
version = "3.3.0"
description = "Lightweight in-process concurrent programming"
optional = false
python-versions = ">=3.10"
groups = ["main"]
markers = "platform_machine == \"aarch64\" or platform_machine == \"ppc64le\" or platform_machine == \"x86_64\" or platform_machine == \"amd64\" or platform_machine == \"AMD64\" or platform_machine == \"win32\" or platform_machine == \"WIN32\""
files = [
    {file = "greenlet-3.3.0-cp310-cp310-macosx_11_0_universal2.whl", hash = "sha256:6f8496d434d5cb2dce025773ba5597f71f5410ae499d5dd9533e0653258cdb3d"},
    {file = "greenlet-3.3.0-cp310-cp310-manylinux_2_24_aarch64.manylinux_2_28_aarch64.whl", hash = "sha256:b96dc7eef78fd404e022e165ec55327f935b9b52ff355b067eb4a0267fc1cffb"},
    {file = "greenlet-3.3.0-cp310-cp310-manylinux_2_24_ppc64le.manylinux_2_28_ppc64le.whl", hash = "sha256:73631cd5cccbcfe63e3f9492aaa664d278fda0ce5c3d43aeda8e77317e38efbd"},
    {file = "greenlet-3.3.0-cp310-cp310-manylinux_2_24_s390x.manylinux_2_28_s390x.whl", hash = "sha256:b299a0cb979f5d7197442dccc3aee67fce53500cd88951b7e6c35575701c980b"},
    {file = "greenlet-3.3.0-cp310-cp310-manylinux_2_24_x86_64.manylinux_2_28_x86_64.whl", hash = "sha256:7dee147740789a4632cace364816046e43310b59ff8fb79833ab043aefa72fd5"},
    {file = "greenlet-3.3.0-cp310-cp310-musllinux_1_2_aarch64.whl", hash = "sha256:39b28e339fc3c348427560494e28d8a6f3561c8d2bcf7d706e1c624ed8d822b9"},
    {file = "greenlet-3.3.0-cp310-cp310-musllinux_1_2_x86_64.whl", hash = "sha256:b3c374782c2935cc63b2a27ba8708471de4ad1abaa862ffdb1ef45a643ddbb7d"},
    {file = "greenlet-3.3.0-cp310-cp310-win_amd64.whl", hash = "sha256:b49e7ed51876b459bd645d83db257f0180e345d3f768a35a85437a24d5a49082"},
    {file = "greenlet-3.3.0-cp311-cp311-macosx_11_0_universal2.whl", hash = "sha256:e29f3018580e8412d6aaf5641bb7745d38c85228dacf51a73bd4e26ddf2a6a8e"},
    {file = "greenlet-3.3.0-cp311-cp311-manylinux_2_24_aarch64.manylinux_2_28_aarch64.whl", hash = "sha256:a687205fb22794e838f947e2194c0566d3812966b41c78709554aa883183fb62"},
    {file = "greenlet-3.3.0-cp311-cp311-manylinux_2_24_ppc64le.manylinux_2_28_ppc64le.whl", hash = "sha256:4243050a88ba61842186cb9e63c7dfa677ec146160b0efd73b855a3d9c7fcf32"},
    {file = "greenlet-3.3.0-cp311-cp311-manylinux_2_24_s390x.manylinux_2_28_s390x.whl", hash = "sha256:670d0f94cd302d81796e37299bcd04b95d62403883b24225c6b5271466612f45"},
    {file = "greenlet-3.3.0-cp311-cp311-manylinux_2_24_x86_64.manylinux_2_28_x86_64.whl", hash = "sha256:6cb3a8ec3db4a3b0eb8a3c25436c2d49e3505821802074969db017b87bc6a948"},
    {file = "greenlet-3.3.0-cp311-cp311-musllinux_1_2_aarch64.whl", hash = "sha256:2de5a0b09eab81fc6a382791b995b1ccf2b172a9fec934747a7a23d2ff291794"},
    {file = "greenlet-3.3.0-cp311-cp311-musllinux_1_2_x86_64.whl", hash = "sha256:4449a736606bd30f27f8e1ff4678ee193bc47f6ca810d705981cfffd6ce0d8c5"},
    {file = "greenlet-3.3.0-cp311-cp311-win_amd64.whl", hash = "sha256:7652ee180d16d447a683c04e4c5f6441bae7ba7b17ffd9f6b3aff4605e9e6f71"},
    {file = "greenlet-3.3.0-cp312-cp312-macosx_11_0_universal2.whl", hash = "sha256:b01548f6e0b9e9784a2c99c5651e5dc89ffcbe870bc5fb2e5ef864e9cc6b5dcb"},
    {file = "greenlet-3.3.0-cp312-cp312-manylinux_2_24_aarch64.manylinux_2_28_aarch64.whl", hash = "sha256:349345b770dc88f81506c6861d22a6ccd422207829d2c854ae2af8025af303e3"},
    {file = "greenlet-3.3.0-cp312-cp312-manylinux_2_24_ppc64le.manylinux_2_28_ppc64le.whl", hash = "sha256:e8e18ed6995e9e2c0b4ed264d2cf89260ab3ac7e13555b8032b25a74c6d18655"},
    {file = "greenlet-3.3.0-cp312-cp312-manylinux_2_24_s390x.manylinux_2_28_s390x.whl", hash = "sha256:c024b1e5696626890038e34f76140ed1daf858e37496d33f2af57f06189e70d7"},
    {file = "greenlet-3.3.0-cp312-cp312-manylinux_2_24_x86_64.manylinux_2_28_x86_64.whl", hash = "sha256:047ab3df20ede6a57c35c14bf5200fcf04039d50f908270d3f9a7a82064f543b"},
    {file = "greenlet-3.3.0-cp312-cp312-musllinux_1_2_aarch64.whl", hash = "sha256:2d9ad37fc657b1102ec880e637cccf20191581f75c64087a549e66c57e1ceb53"},
    {file = "greenlet-3.3.0-cp312-cp312-musllinux_1_2_x86_64.whl", hash = "sha256:83cd0e36932e0e7f36a64b732a6f60c2fc2df28c351bae79fbaf4f8092fe7614"},
    {file = "greenlet-3.3.0-cp312-cp312-win_amd64.whl", hash = "sha256:a7a34b13d43a6b78abf828a6d0e87d3385680eaf830cd60d20d52f249faabf39"},
    {file = "greenlet-3.3.0-cp313-cp313-macosx_11_0_universal2.whl", hash = "sha256:a1e41a81c7e2825822f4e068c48cb2196002362619e2d70b148f20a831c00739"},
    {file = "greenlet-3.3.0-cp313-cp313-manylinux_2_24_aarch64.manylinux_2_28_aarch64.whl", hash = "sha256:9f515a47d02da4d30caaa85b69474cec77b7929b2e936ff7fb853d42f4bf8808"},
    {file = "greenlet-3.3.0-cp313-cp313-manylinux_2_24_ppc64le.manylinux_2_28_ppc64le.whl", hash = "sha256:7d2d9fd66bfadf230b385fdc90426fcd6eb64db54b40c495b72ac0feb5766c54"},
    {file = "greenlet-3.3.0-cp313-cp313-manylinux_2_24_s390x.manylinux_2_28_s390x.whl", hash = "sha256:30a6e28487a790417d036088b3bcb3f3ac7d8babaa7d0139edbaddebf3af9492"},
    {file = "greenlet-3.3.0-cp313-cp313-manylinux_2_24_x86_64.manylinux_2_28_x86_64.whl", hash = "sha256:087ea5e004437321508a8d6f20efc4cfec5e3c30118e1417ea96ed1d93950527"},
    {file = "greenlet-3.3.0-cp313-cp313-musllinux_1_2_aarch64.whl", hash = "sha256:ab97cf74045343f6c60a39913fa59710e4bd26a536ce7ab2397adf8b27e67c39"},
    {file = "greenlet-3.3.0-cp313-cp313-musllinux_1_2_x86_64.whl", hash = "sha256:5375d2e23184629112ca1ea89a53389dddbffcf417dad40125713d88eb5f96e8"},
    {file = "greenlet-3.3.0-cp313-cp313-win_amd64.whl", hash = "sha256:9ee1942ea19550094033c35d25d20726e4f1c40d59545815e1128ac58d416d38"},
    {file = "greenlet-3.3.0-cp314-cp314-macosx_11_0_universal2.whl", hash = "sha256:60c2ef0f578afb3c8d92ea07ad327f9a062547137afe91f38408f08aacab667f"},
    {file = "greenlet-3.3.0-cp314-cp314-manylinux_2_24_aarch64.manylinux_2_28_aarch64.whl", hash = "sha256:0a5d554d0712ba1de0a6c94c640f7aeba3f85b3a6e1f2899c11c2c0428da9365"},
    {file = "greenlet-3.3.0-cp314-cp314-manylinux_2_24_ppc64le.manylinux_2_28_ppc64le.whl", hash = "sha256:3a898b1e9c5f7307ebbde4102908e6cbfcb9ea16284a3abe15cab996bee8b9b3"},
    {file = "greenlet-3.3.0-cp314-cp314-manylinux_2_24_s390x.manylinux_2_28_s390x.whl", hash = "sha256:dcd2bdbd444ff340e8d6bdf54d2f206ccddbb3ccfdcd3c25bf4afaa7b8f0cf45"},
    {file = "greenlet-3.3.0-cp314-cp314-manylinux_2_24_x86_64.manylinux_2_28_x86_64.whl", hash = "sha256:5773edda4dc00e173820722711d043799d3adb4f01731f40619e07ea2750b955"},
    {file = "greenlet-3.3.0-cp314-cp314-musllinux_1_2_aarch64.whl", hash = "sha256:ac0549373982b36d5fd5d30beb8a7a33ee541ff98d2b502714a09f1169f31b55"},
    {file = "greenlet-3.3.0-cp314-cp314-musllinux_1_2_x86_64.whl", hash = "sha256:d198d2d977460358c3b3a4dc844f875d1adb33817f0613f663a656f463764ccc"},
    {file = "greenlet-3.3.0-cp314-cp314-win_amd64.whl", hash = "sha256:73f51dd0e0bdb596fb0417e475fa3c5e32d4c83638296e560086b8d7da7c4170"},
    {file = "greenlet-3.3.0-cp314-cp314t-macosx_11_0_universal2.whl", hash = "sha256:d6ed6f85fae6cdfdb9ce04c9bf7a08d666cfcfb914e7d006f44f840b46741931"},
    {file = "greenlet-3.3.0-cp314-cp314t-manylinux_2_24_aarch64.manylinux_2_28_aarch64.whl", hash = "sha256:d9125050fcf24554e69c4cacb086b87b3b55dc395a8b3ebe6487b045b2614388"},
    {file = "greenlet-3.3.0-cp314-cp314t-manylinux_2_24_ppc64le.manylinux_2_28_ppc64le.whl", hash = "sha256:87e63ccfa13c0a0f6234ed0add552af24cc67dd886731f2261e46e241608bee3"},
    {file = "greenlet-3.3.0-cp314-cp314t-manylinux_2_24_s390x.manylinux_2_28_s390x.whl", hash = "sha256:2662433acbca297c9153a4023fe2161c8dcfdcc91f10433171cf7e7d94ba2221"},
    {file = "greenlet-3.3.0-cp314-cp314t-manylinux_2_24_x86_64.manylinux_2_28_x86_64.whl", hash = "sha256:3c6e9b9c1527a78520357de498b0e709fb9e2f49c3a513afd5a249007261911b"},
    {file = "greenlet-3.3.0-cp314-cp314t-musllinux_1_2_aarch64.whl", hash = "sha256:286d093f95ec98fdd92fcb955003b8a3d054b4e2cab3e2707a5039e7b50520fd"},
    {file = "greenlet-3.3.0-cp314-cp314t-musllinux_1_2_x86_64.whl", hash = "sha256:6c10513330af5b8ae16f023e8ddbfb486ab355d04467c4679c5cfe4659975dd9"},
    {file = "greenlet-3.3.0.tar.gz", hash = "sha256:a82bb225a4e9e4d653dd2fb7b8b2d36e4fb25bc0165422a11e48b88e9e6f78fb"},
]

[package.extras]
docs = ["Sphinx", "furo"]
test = ["objgraph", "psutil", "setuptools"]

[[package]]
name = "python-dotenv"
version = "1.2.1"
description = "Read key-value pairs from a .env file and set them as environment variables"
optional = false
python-versions = ">=3.9"
groups = ["main"]
files = [
    {file = "python_dotenv-1.2.1-py3-none-any.whl", hash = "sha256:b81ee9561e9ca4004139c6cbba3a238c32b03e4894671e181b671e8cb8425d61"},
    {file = "python_dotenv-1.2.1.tar.gz", hash = "sha256:42667e897e16ab0d66954af0e60a9caa94f0fd4ecf3aaf6d2d260eec1aa36ad6"},
]

[package.extras]
cli = ["click (>=5.0)"]

[[package]]
name = "sadisplay"
version = "0.4.9"
description = "SqlAlchemy schema display script"
optional = false
python-versions = "*"
groups = ["main"]
files = [
    {file = "sadisplay-0.4.9-py2.py3-none-any.whl", hash = "sha256:bf456f582b8f5da19fedef7a9afe969b49231d79724710bc7d35c9439f44c2fc"},
    {file = "sadisplay-0.4.9.tar.gz", hash = "sha256:af67160f89123886ab42b247262862bfcde0a3c236229ecdd59de0a1e8e35d96"},
]

[package.dependencies]
SQLAlchemy = ">=0.5"

[[package]]
name = "sqlalchemy"
version = "2.0.45"
description = "Database Abstraction Library"
optional = false
python-versions = ">=3.7"
groups = ["main"]
files = [
    {file = "sqlalchemy-2.0.45-cp310-cp310-macosx_11_0_arm64.whl", hash = "sha256:c64772786d9eee72d4d3784c28f0a636af5b0a29f3fe26ff11f55efe90c0bd85"},
    {file = "sqlalchemy-2.0.45-cp310-cp310-manylinux2014_aarch64.manylinux_2_17_aarch64.manylinux_2_28_aarch64.whl", hash = "sha256:7ae64ebf7657395824a19bca98ab10eb9a3ecb026bf09524014f1bb81cb598d4"},
    {file = "sqlalchemy-2.0.45-cp310-cp310-manylinux2014_x86_64.manylinux_2_17_x86_64.manylinux_2_28_x86_64.whl", hash = "sha256:0f02325709d1b1a1489f23a39b318e175a171497374149eae74d612634b234c0"},
    {file = "sqlalchemy-2.0.45-cp310-cp310-musllinux_1_2_aarch64.whl", hash = "sha256:d2c3684fca8a05f0ac1d9a21c1f4a266983a7ea9180efb80ffeb03861ecd01a0"},
    {file = "sqlalchemy-2.0.45-cp310-cp310-musllinux_1_2_x86_64.whl", hash = "sha256:040f6f0545b3b7da6b9317fc3e922c9a98fc7243b2a1b39f78390fc0942f7826"},
    {file = "sqlalchemy-2.0.45-cp310-cp310-win32.whl", hash = "sha256:830d434d609fe7bfa47c425c445a8b37929f140a7a44cdaf77f6d34df3a7296a"},
    {file = "sqlalchemy-2.0.45-cp310-cp310-win_amd64.whl", hash = "sha256:0209d9753671b0da74da2cfbb9ecf9c02f72a759e4b018b3ab35f244c91842c7"},
    {file = "sqlalchemy-2.0.45-cp311-cp311-macosx_11_0_arm64.whl", hash = "sha256:2e90a344c644a4fa871eb01809c32096487928bd2038bf10f3e4515cb688cc56"},
    {file = "sqlalchemy-2.0.45-cp311-cp311-manylinux2014_aarch64.manylinux_2_17_aarch64.manylinux_2_28_aarch64.whl", hash = "sha256:b8c8b41b97fba5f62349aa285654230296829672fc9939cd7f35aab246d1c08b"},
    {file = "sqlalchemy-2.0.45-cp311-cp311-manylinux2014_x86_64.manylinux_2_17_x86_64.manylinux_2_28_x86_64.whl", hash = "sha256:12c694ed6468333a090d2f60950e4250b928f457e4962389553d6ba5fe9951ac"},
    {file = "sqlalchemy-2.0.45-cp311-cp311-musllinux_1_2_aarch64.whl", hash = "sha256:f7d27a1d977a1cfef38a0e2e1ca86f09c4212666ce34e6ae542f3ed0a33bc606"},
    {file = "sqlalchemy-2.0.45-cp311-cp311-musllinux_1_2_x86_64.whl", hash = "sha256:d62e47f5d8a50099b17e2bfc1b0c7d7ecd8ba6b46b1507b58cc4f05eefc3bb1c"},
    {file = "sqlalchemy-2.0.45-cp311-cp311-win32.whl", hash = "sha256:3c5f76216e7b85770d5bb5130ddd11ee89f4d52b11783674a662c7dd57018177"},
    {file = "sqlalchemy-2.0.45-cp311-cp311-win_amd64.whl", hash = "sha256:a15b98adb7f277316f2c276c090259129ee4afca783495e212048daf846654b2"},
    {file = "sqlalchemy-2.0.45-cp312-cp312-manylinux2014_aarch64.manylinux_2_17_aarch64.manylinux_2_28_aarch64.whl", hash = "sha256:b3ee2aac15169fb0d45822983631466d60b762085bc4535cd39e66bea362df5f"},
    {file = "sqlalchemy-2.0.45-cp312-cp312-manylinux2014_x86_64.manylinux_2_17_x86_64.manylinux_2_28_x86_64.whl", hash = "sha256:ba547ac0b361ab4f1608afbc8432db669bd0819b3e12e29fb5fa9529a8bba81d"},
    {file = "sqlalchemy-2.0.45-cp312-cp312-musllinux_1_2_aarch64.whl", hash = "sha256:215f0528b914e5c75ef2559f69dca86878a3beeb0c1be7279d77f18e8d180ed4"},
    {file = "sqlalchemy-2.0.45-cp312-cp312-musllinux_1_2_x86_64.whl", hash = "sha256:107029bf4f43d076d4011f1afb74f7c3e2ea029ec82eb23d8527d5e909e97aa6"},
    {file = "sqlalchemy-2.0.45-cp312-cp312-win32.whl", hash = "sha256:0c9f6ada57b58420a2c0277ff853abe40b9e9449f8d7d231763c6bc30f5c4953"},
    {file = "sqlalchemy-2.0.45-cp312-cp312-win_amd64.whl", hash = "sha256:8defe5737c6d2179c7997242d6473587c3beb52e557f5ef0187277009f73e5e1"},
    {file = "sqlalchemy-2.0.45-cp313-cp313-manylinux2014_aarch64.manylinux_2_17_aarch64.manylinux_2_28_aarch64.whl", hash = "sha256:fe187fc31a54d7fd90352f34e8c008cf3ad5d064d08fedd3de2e8df83eb4a1cf"},
    {file = "sqlalchemy-2.0.45-cp313-cp313-manylinux2014_x86_64.manylinux_2_17_x86_64.manylinux_2_28_x86_64.whl", hash = "sha256:672c45cae53ba88e0dad74b9027dddd09ef6f441e927786b05bec75d949fbb2e"},
    {file = "sqlalchemy-2.0.45-cp313-cp313-musllinux_1_2_aarch64.whl", hash = "sha256:470daea2c1ce73910f08caf10575676a37159a6d16c4da33d0033546bddebc9b"},
    {file = "sqlalchemy-2.0.45-cp313-cp313-musllinux_1_2_x86_64.whl", hash = "sha256:9c6378449e0940476577047150fd09e242529b761dc887c9808a9a937fe990c8"},
    {file = "sqlalchemy-2.0.45-cp313-cp313-win32.whl", hash = "sha256:4b6bec67ca45bc166c8729910bd2a87f1c0407ee955df110d78948f5b5827e8a"},
    {file = "sqlalchemy-2.0.45-cp313-cp313-win_amd64.whl", hash = "sha256:afbf47dc4de31fa38fd491f3705cac5307d21d4bb828a4f020ee59af412744ee"},
    {file = "sqlalchemy-2.0.45-cp313-cp313t-manylinux2014_x86_64.manylinux_2_17_x86_64.manylinux_2_28_x86_64.whl", hash = "sha256:83d7009f40ce619d483d26ac1b757dfe3167b39921379a8bd1b596cf02dab4a6"},
    {file = "sqlalchemy-2.0.45-cp313-cp313t-musllinux_1_2_x86_64.whl", hash = "sha256:d8a2ca754e5415cde2b656c27900b19d50ba076aa05ce66e2207623d3fe41f5a"},
    {file = "sqlalchemy-2.0.45-cp314-cp314-manylinux2014_aarch64.manylinux_2_17_aarch64.manylinux_2_28_aarch64.whl", hash = "sha256:7f46ec744e7f51275582e6a24326e10c49fbdd3fc99103e01376841213028774"},
    {file = "sqlalchemy-2.0.45-cp314-cp314-manylinux2014_x86_64.manylinux_2_17_x86_64.manylinux_2_28_x86_64.whl", hash = "sha256:883c600c345123c033c2f6caca18def08f1f7f4c3ebeb591a63b6fceffc95cce"},
    {file = "sqlalchemy-2.0.45-cp314-cp314-musllinux_1_2_aarch64.whl", hash = "sha256:2c0b74aa79e2deade948fe8593654c8ef4228c44ba862bb7c9585c8e0db90f33"},
    {file = "sqlalchemy-2.0.45-cp314-cp314-musllinux_1_2_x86_64.whl", hash = "sha256:8a420169cef179d4c9064365f42d779f1e5895ad26ca0c8b4c0233920973db74"},
    {file = "sqlalchemy-2.0.45-cp314-cp314-win32.whl", hash = "sha256:e50dcb81a5dfe4b7b4a4aa8f338116d127cb209559124f3694c70d6cd072b68f"},
    {file = "sqlalchemy-2.0.45-cp314-cp314-win_amd64.whl", hash = "sha256:4748601c8ea959e37e03d13dcda4a44837afcd1b21338e637f7c935b8da06177"},
    {file = "sqlalchemy-2.0.45-cp314-cp314t-manylinux2014_x86_64.manylinux_2_17_x86_64.manylinux_2_28_x86_64.whl", hash = "sha256:cd337d3526ec5298f67d6a30bbbe4ed7e5e68862f0bf6dd21d289f8d37b7d60b"},
    {file = "sqlalchemy-2.0.45-cp314-cp314t-musllinux_1_2_x86_64.whl", hash = "sha256:9a62b446b7d86a3909abbcd1cd3cc550a832f99c2bc37c5b22e1925438b9367b"},
    {file = "sqlalchemy-2.0.45-cp38-cp38-macosx_11_0_arm64.whl", hash = "sha256:5964f832431b7cdfaaa22a660b4c7eb1dfcd6ed41375f67fd3e3440fd95cb3cc"},
    {file = "sqlalchemy-2.0.45-cp38-cp38-manylinux2014_aarch64.manylinux_2_17_aarch64.manylinux_2_28_aarch64.whl", hash = "sha256:ee580ab50e748208754ae8980cec79ec205983d8cf8b3f7c39067f3d9f2c8e22"},
    {file = "sqlalchemy-2.0.45-cp38-cp38-manylinux2014_x86_64.manylinux_2_17_x86_64.manylinux_2_28_x86_64.whl", hash = "sha256:13e27397a7810163440c6bfed6b3fe46f1bfb2486eb540315a819abd2c004128"},
    {file = "sqlalchemy-2.0.45-cp38-cp38-musllinux_1_2_aarch64.whl", hash = "sha256:ed3635353e55d28e7f4a95c8eda98a5cdc0a0b40b528433fbd41a9ae88f55b3d"},
    {file = "sqlalchemy-2.0.45-cp38-cp38-musllinux_1_2_x86_64.whl", hash = "sha256:db6834900338fb13a9123307f0c2cbb1f890a8656fcd5e5448ae3ad5bbe8d312"},
    {file = "sqlalchemy-2.0.45-cp38-cp38-win32.whl", hash = "sha256:1d8b4a7a8c9b537509d56d5cd10ecdcfbb95912d72480c8861524efecc6a3fff"},
    {file = "sqlalchemy-2.0.45-cp38-cp38-win_amd64.whl", hash = "sha256:ebd300afd2b62679203435f596b2601adafe546cb7282d5a0cd3ed99e423720f"},
    {file = "sqlalchemy-2.0.45-cp39-cp39-macosx_11_0_arm64.whl", hash = "sha256:d29b2b99d527dbc66dd87c3c3248a5dd789d974a507f4653c969999fc7c1191b"},
    {file = "sqlalchemy-2.0.45-cp39-cp39-manylinux2014_aarch64.manylinux_2_17_aarch64.manylinux_2_28_aarch64.whl", hash = "sha256:59a8b8bd9c6bedf81ad07c8bd5543eedca55fe9b8780b2b628d495ba55f8db1e"},
    {file = "sqlalchemy-2.0.45-cp39-cp39-manylinux2014_x86_64.manylinux_2_17_x86_64.manylinux_2_28_x86_64.whl", hash = "sha256:fd93c6f5d65f254ceabe97548c709e073d6da9883343adaa51bf1a913ce93f8e"},
    {file = "sqlalchemy-2.0.45-cp39-cp39-musllinux_1_2_aarch64.whl", hash = "sha256:6d0beadc2535157070c9c17ecf25ecec31e13c229a8f69196d7590bde8082bf1"},
    {file = "sqlalchemy-2.0.45-cp39-cp39-musllinux_1_2_x86_64.whl", hash = "sha256:e057f928ffe9c9b246a55b469c133b98a426297e1772ad24ce9f0c47d123bd5b"},
    {file = "sqlalchemy-2.0.45-cp39-cp39-win32.whl", hash = "sha256:c1c2091b1489435ff85728fafeb990f073e64f6f5e81d5cd53059773e8521eb6"},
    {file = "sqlalchemy-2.0.45-cp39-cp39-win_amd64.whl", hash = "sha256:56ead1f8dfb91a54a28cd1d072c74b3d635bcffbd25e50786533b822d4f2cde2"},
    {file = "sqlalchemy-2.0.45-py3-none-any.whl", hash = "sha256:5225a288e4c8cc2308dbdd874edad6e7d0fd38eac1e9e5f23503425c8eee20d0"},
    {file = "sqlalchemy-2.0.45.tar.gz", hash = "sha256:1632a4bda8d2d25703fdad6363058d882541bdaaee0e5e3ddfa0cd3229efce88"},
]

[package.dependencies]
greenlet = {version = ">=1", markers = "platform_machine == \"aarch64\" or platform_machine == \"ppc64le\" or platform_machine == \"x86_64\" or platform_machine == \"amd64\" or platform_machine == \"AMD64\" or platform_machine == \"win32\" or platform_machine == \"WIN32\""}
typing-extensions = ">=4.6.0"

[package.extras]
aiomysql = ["aiomysql (>=0.2.0)", "greenlet (>=1)"]
aioodbc = ["aioodbc", "greenlet (>=1)"]
aiosqlite = ["aiosqlite", "greenlet (>=1)", "typing_extensions (!=3.10.0.1)"]
asyncio = ["greenlet (>=1)"]
asyncmy = ["asyncmy (>=0.2.3,!=0.2.4,!=0.2.6)", "greenlet (>=1)"]
mariadb-connector = ["mariadb (>=1.0.1,!=1.1.2,!=1.1.5,!=1.1.10)"]
mssql = ["pyodbc"]
mssql-pymssql = ["pymssql"]
mssql-pyodbc = ["pyodbc"]
mypy = ["mypy (>=0.910)"]
mysql = ["mysqlclient (>=1.4.0)"]
mysql-connector = ["mysql-connector-python"]
oracle = ["cx_oracle (>=8)"]
oracle-oracledb = ["oracledb (>=1.0.1)"]
postgresql = ["psycopg2 (>=2.7)"]
postgresql-asyncpg = ["asyncpg", "greenlet (>=1)"]
postgresql-pg8000 = ["pg8000 (>=1.29.1)"]
postgresql-psycopg = ["psycopg (>=3.0.7)"]
postgresql-psycopg2binary = ["psycopg2-binary"]
postgresql-psycopg2cffi = ["psycopg2cffi"]
postgresql-psycopgbinary = ["psycopg[binary] (>=3.0.7)"]
pymysql = ["pymysql"]
sqlcipher = ["sqlcipher3_binary"]

[[package]]
name = "typing-extensions"
version = "4.15.0"
description = "Backported and Experimental Type Hints for Python 3.9+"
optional = false
python-versions = ">=3.9"
groups = ["main"]
files = [
    {file = "typing_extensions-4.15.0-py3-none-any.whl", hash = "sha256:f0fa19c6845758ab08074a0cfa8b7aecb71c999ca73d62883bc25cc018c4e548"},
    {file = "typing_extensions-4.15.0.tar.gz", hash = "sha256:0cea48d173cc12fa28ecabc3b837ea3cf6f38c6d1136f85cbaaf598984861466"},
]

[metadata]
lock-version = "2.1"
python-versions = ">=3.12"
content-hash = "bfb946798f6d83ca4e09313ddf53808b48bd97a8a40fe9a17969ea80f007b1c3"
